
Microsoft Visual Studio Solution File, Format Version 12.00
# Visual Studio Version 16
VisualStudioVersion = 16.0.30804.86
MinimumVisualStudioVersion = 10.0.40219.1
Project("{9A19103F-16F7-4668-BE54-9A1E7A4F7556}") = "FreakyFashionServices.Catalog", "..\FreakyFashionServices.Catalog\FreakyFashionServices.Catalog.csproj", "{BA64EFED-D92B-4C81-9386-18BEBD843FB8}"
EndProject
Project("{9A19103F-16F7-4668-BE54-9A1E7A4F7556}") = "FreakyFashionServices.Basket", "FreakyFashionServices.Basket\FreakyFashionServices.Basket.csproj", "{095DC153-0569-46FD-80CA-E278B6808210}"
EndProject
Project("{9A19103F-16F7-4668-BE54-9A1E7A4F7556}") = "FreakyFashionServices.Gateway", "..\FreakyFashionServices.Gateway\FreakyFashionServices.Gateway.csproj", "{891ABC26-3EC0-4575-9CDB-84CFD4581683}"
EndProject
Project("{9A19103F-16F7-4668-BE54-9A1E7A4F7556}") = "FreakyFashionService.ProductPrice", "..\FreakyFashionService.ProductPrice\FreakyFashionService.ProductPrice.csproj", "{B9647DD1-734D-4136-BA4F-52589C7C9AB3}"
EndProject
Project("{9A19103F-16F7-4668-BE54-9A1E7A4F7556}") = "FreakyFashionServices.Order", "..\FreakyFashionServices.Order\FreakyFashionServices.Order.csproj", "{0CDD8521-C8B2-435C-9ABF-8E32A8526EFD}"
EndProject
Project("{E53339B2-1760-4266-BCC7-CA923CBCF16C}") = "docker-compose", "docker-compose.dcproj", "{C8FAA72B-D8E3-4279-AAB3-90590F9042EB}"
EndProject
Global
	GlobalSection(SolutionConfigurationPlatforms) = preSolution
		Debug|Any CPU = Debug|Any CPU
		Release|Any CPU = Release|Any CPU
	EndGlobalSection
	GlobalSection(ProjectConfigurationPlatforms) = postSolution
		{BA64EFED-D92B-4C81-9386-18BEBD843FB8}.Debug|Any CPU.ActiveCfg = Debug|Any CPU
		{BA64EFED-D92B-4C81-9386-18BEBD843FB8}.Debug|Any CPU.Build.0 = Debug|Any CPU
		{BA64EFED-D92B-4C81-9386-18BEBD843FB8}.Release|Any CPU.ActiveCfg = Release|Any CPU
		{BA64EFED-D92B-4C81-9386-18BEBD843FB8}.Release|Any CPU.Build.0 = Release|Any CPU
		{095DC153-0569-46FD-80CA-E278B6808210}.Debug|Any CPU.ActiveCfg = Debug|Any CPU
		{095DC153-0569-46FD-80CA-E278B6808210}.Debug|Any CPU.Build.0 = Debug|Any CPU
		{095DC153-0569-46FD-80CA-E278B6808210}.Release|Any CPU.ActiveCfg = Release|Any CPU
		{095DC153-0569-46FD-80CA-E278B6808210}.Release|Any CPU.Build.0 = Release|Any CPU
		{891ABC26-3EC0-4575-9CDB-84CFD4581683}.Debug|Any CPU.ActiveCfg = Debug|Any CPU
		{891ABC26-3EC0-4575-9CDB-84CFD4581683}.Debug|Any CPU.Build.0 = Debug|Any CPU
		{891ABC26-3EC0-4575-9CDB-84CFD4581683}.Release|Any CPU.ActiveCfg = Release|Any CPU
		{891ABC26-3EC0-4575-9CDB-84CFD4581683}.Release|Any CPU.Build.0 = Release|Any CPU
		{B9647DD1-734D-4136-BA4F-52589C7C9AB3}.Debug|Any CPU.ActiveCfg = Debug|Any CPU
		{B9647DD1-734D-4136-BA4F-52589C7C9AB3}.Debug|Any CPU.Build.0 = Debug|Any CPU
		{B9647DD1-734D-4136-BA4F-52589C7C9AB3}.Release|Any CPU.ActiveCfg = Release|Any CPU
		{B9647DD1-734D-4136-BA4F-52589C7C9AB3}.Release|Any CPU.Build.0 = Release|Any CPU
		{0CDD8521-C8B2-435C-9ABF-8E32A8526EFD}.Debug|Any CPU.ActiveCfg = Debug|Any CPU
		{0CDD8521-C8B2-435C-9ABF-8E32A8526EFD}.Debug|Any CPU.Build.0 = Debug|Any CPU
		{0CDD8521-C8B2-435C-9ABF-8E32A8526EFD}.Release|Any CPU.ActiveCfg = Release|Any CPU
		{0CDD8521-C8B2-435C-9ABF-8E32A8526EFD}.Release|Any CPU.Build.0 = Release|Any CPU
		{C8FAA72B-D8E3-4279-AAB3-90590F9042EB}.Debug|Any CPU.ActiveCfg = Debug|Any CPU
		{C8FAA72B-D8E3-4279-AAB3-90590F9042EB}.Debug|Any CPU.Build.0 = Debug|Any CPU
		{C8FAA72B-D8E3-4279-AAB3-90590F9042EB}.Release|Any CPU.ActiveCfg = Release|Any CPU
		{C8FAA72B-D8E3-4279-AAB3-90590F9042EB}.Release|Any CPU.Build.0 = Release|Any CPU
	EndGlobalSection
	GlobalSection(SolutionProperties) = preSolution
		HideSolutionNode = FALSE
	EndGlobalSection
	GlobalSection(ExtensibilityGlobals) = postSolution
		SolutionGuid = {18CD802C-903A-458F-8940-C253BED727DA}
	EndGlobalSection
EndGlobal
